// !$*UTF8*$!
{
	archiveVersion = 1;
	classes = {
	};
	objectVersion = 77;
	objects = {

/* Begin PBXBuildFile section */
		571F81A62DC8ED4C00DACFA3 /* Moya in Frameworks */ = {isa = PBXBuildFile; productRef = 571F81A52DC8ED4C00DACFA3 /* Moya */; };
		571F81A82DC8ED4C00DACFA3 /* RxMoya in Frameworks */ = {isa = PBXBuildFile; productRef = 571F81A72DC8ED4C00DACFA3 /* RxMoya */; };
		571F81D02DC90DE000DACFA3 /* RxCocoa in Frameworks */ = {isa = PBXBuildFile; productRef = 571F81CF2DC90DE000DACFA3 /* RxCocoa */; };
/* End PBXBuildFile section */

/* Begin PBXContainerItemProxy section */
		571F816E2DC8E8BE00DACFA3 /* PBXContainerItemProxy */ = {
			isa = PBXContainerItemProxy;
			containerPortal = 571F814F2DC8E8BB00DACFA3 /* Project object */;
			proxyType = 1;
			remoteGlobalIDString = 571F81562DC8E8BB00DACFA3;
			remoteInfo = iOSBilyonerCase;
		};
		571F81782DC8E8BE00DACFA3 /* PBXContainerItemProxy */ = {
			isa = PBXContainerItemProxy;
			containerPortal = 571F814F2DC8E8BB00DACFA3 /* Project object */;
			proxyType = 1;
			remoteGlobalIDString = 571F81562DC8E8BB00DACFA3;
			remoteInfo = iOSBilyonerCase;
		};
/* End PBXContainerItemProxy section */

/* Begin PBXFileReference section */
		571F81572DC8E8BB00DACFA3 /* iOSBilyonerCase.app */ = {isa = PBXFileReference; explicitFileType = wrapper.application; includeInIndex = 0; path = iOSBilyonerCase.app; sourceTree = BUILT_PRODUCTS_DIR; };
		571F816D2DC8E8BE00DACFA3 /* iOSBilyonerCaseTests.xctest */ = {isa = PBXFileReference; explicitFileType = wrapper.cfbundle; includeInIndex = 0; path = iOSBilyonerCaseTests.xctest; sourceTree = BUILT_PRODUCTS_DIR; };
		571F81772DC8E8BE00DACFA3 /* iOSBilyonerCaseUITests.xctest */ = {isa = PBXFileReference; explicitFileType = wrapper.cfbundle; includeInIndex = 0; path = iOSBilyonerCaseUITests.xctest; sourceTree = BUILT_PRODUCTS_DIR; };
/* End PBXFileReference section */

/* Begin PBXFileSystemSynchronizedBuildFileExceptionSet section */
		571F817F2DC8E8BE00DACFA3 /* Exceptions for "iOSBilyonerCase" folder in "iOSBilyonerCase" target */ = {
			isa = PBXFileSystemSynchronizedBuildFileExceptionSet;
			membershipExceptions = (
				Info.plist,
			);
			target = 571F81562DC8E8BB00DACFA3 /* iOSBilyonerCase */;
		};
/* End PBXFileSystemSynchronizedBuildFileExceptionSet section */

/* Begin PBXFileSystemSynchronizedRootGroup section */
		571F81592DC8E8BB00DACFA3 /* iOSBilyonerCase */ = {
			isa = PBXFileSystemSynchronizedRootGroup;
			exceptions = (
				571F817F2DC8E8BE00DACFA3 /* Exceptions for "iOSBilyonerCase" folder in "iOSBilyonerCase" target */,
			);
			path = iOSBilyonerCase;
			sourceTree = "<group>";
		};
		571F81702DC8E8BE00DACFA3 /* iOSBilyonerCaseTests */ = {
			isa = PBXFileSystemSynchronizedRootGroup;
			path = iOSBilyonerCaseTests;
			sourceTree = "<group>";
		};
		571F817A2DC8E8BE00DACFA3 /* iOSBilyonerCaseUITests */ = {
			isa = PBXFileSystemSynchronizedRootGroup;
			path = iOSBilyonerCaseUITests;
			sourceTree = "<group>";
		};
/* End PBXFileSystemSynchronizedRootGroup section */

/* Begin PBXFrameworksBuildPhase section */
		571F81542DC8E8BB00DACFA3 /* Frameworks */ = {
			isa = PBXFrameworksBuildPhase;
			buildActionMask = 2147483647;
			files = (
				571F81D02DC90DE000DACFA3 /* RxCocoa in Frameworks */,
				571F81A82DC8ED4C00DACFA3 /* RxMoya in Frameworks */,
				571F81A62DC8ED4C00DACFA3 /* Moya in Frameworks */,
			);
			runOnlyForDeploymentPostprocessing = 0;
		};
		571F816A2DC8E8BE00DACFA3 /* Frameworks */ = {
			isa = PBXFrameworksBuildPhase;
			buildActionMask = 2147483647;
			files = (
			);
			runOnlyForDeploymentPostprocessing = 0;
		};
		571F81742DC8E8BE00DACFA3 /* Frameworks */ = {
			isa = PBXFrameworksBuildPhase;
			buildActionMask = 2147483647;
			files = (
			);
			runOnlyForDeploymentPostprocessing = 0;
		};
/* End PBXFrameworksBuildPhase section */

/* Begin PBXGroup section */
		571F814E2DC8E8BB00DACFA3 = {
			isa = PBXGroup;
			children = (
				571F81592DC8E8BB00DACFA3 /* iOSBilyonerCase */,
				571F81702DC8E8BE00DACFA3 /* iOSBilyonerCaseTests */,
				571F817A2DC8E8BE00DACFA3 /* iOSBilyonerCaseUITests */,
				571F82312DCA878600DACFA3 /* Frameworks */,
				571F81582DC8E8BB00DACFA3 /* Products */,
			);
			sourceTree = "<group>";
		};
		571F81582DC8E8BB00DACFA3 /* Products */ = {
			isa = PBXGroup;
			children = (
				571F81572DC8E8BB00DACFA3 /* iOSBilyonerCase.app */,
				571F816D2DC8E8BE00DACFA3 /* iOSBilyonerCaseTests.xctest */,
				571F81772DC8E8BE00DACFA3 /* iOSBilyonerCaseUITests.xctest */,
			);
			name = Products;
			sourceTree = "<group>";
		};
		571F82312DCA878600DACFA3 /* Frameworks */ = {
			isa = PBXGroup;
			children = (
			);
			name = Frameworks;
			sourceTree = "<group>";
		};
/* End PBXGroup section */

/* Begin PBXNativeTarget section */
		571F81562DC8E8BB00DACFA3 /* iOSBilyonerCase */ = {
			isa = PBXNativeTarget;
			buildConfigurationList = 571F81802DC8E8BE00DACFA3 /* Build configuration list for PBXNativeTarget "iOSBilyonerCase" */;
			buildPhases = (
				571F81532DC8E8BB00DACFA3 /* Sources */,
				571F81542DC8E8BB00DACFA3 /* Frameworks */,
				571F81552DC8E8BB00DACFA3 /* Resources */,
			);
			buildRules = (
			);
			dependencies = (
			);
			fileSystemSynchronizedGroups = (
				571F81592DC8E8BB00DACFA3 /* iOSBilyonerCase */,
			);
			name = iOSBilyonerCase;
			packageProductDependencies = (
				571F81A52DC8ED4C00DACFA3 /* Moya */,
				571F81A72DC8ED4C00DACFA3 /* RxMoya */,
				571F81CF2DC90DE000DACFA3 /* RxCocoa */,
			);
			productName = iOSBilyonerCase;
			productReference = 571F81572DC8E8BB00DACFA3 /* iOSBilyonerCase.app */;
			productType = "com.apple.product-type.application";
		};
		571F816C2DC8E8BE00DACFA3 /* iOSBilyonerCaseTests */ = {
			isa = PBXNativeTarget;
			buildConfigurationList = 571F81852DC8E8BE00DACFA3 /* Build configuration list for PBXNativeTarget "iOSBilyonerCaseTests" */;
			buildPhases = (
				571F81692DC8E8BE00DACFA3 /* Sources */,
				571F816A2DC8E8BE00DACFA3 /* Frameworks */,
				571F816B2DC8E8BE00DACFA3 /* Resources */,
			);
			buildRules = (
			);
			dependencies = (
				571F816F2DC8E8BE00DACFA3 /* PBXTargetDependency */,
			);
			fileSystemSynchronizedGroups = (
				571F81702DC8E8BE00DACFA3 /* iOSBilyonerCaseTests */,
			);
			name = iOSBilyonerCaseTests;
			packageProductDependencies = (
			);
			productName = iOSBilyonerCaseTests;
			productReference = 571F816D2DC8E8BE00DACFA3 /* iOSBilyonerCaseTests.xctest */;
			productType = "com.apple.product-type.bundle.unit-test";
		};
		571F81762DC8E8BE00DACFA3 /* iOSBilyonerCaseUITests */ = {
			isa = PBXNativeTarget;
			buildConfigurationList = 571F81882DC8E8BE00DACFA3 /* Build configuration list for PBXNativeTarget "iOSBilyonerCaseUITests" */;
			buildPhases = (
				571F81732DC8E8BE00DACFA3 /* Sources */,
				571F81742DC8E8BE00DACFA3 /* Frameworks */,
				571F81752DC8E8BE00DACFA3 /* Resources */,
			);
			buildRules = (
			);
			dependencies = (
				571F81792DC8E8BE00DACFA3 /* PBXTargetDependency */,
			);
			fileSystemSynchronizedGroups = (
				571F817A2DC8E8BE00DACFA3 /* iOSBilyonerCaseUITests */,
			);
			name = iOSBilyonerCaseUITests;
			packageProductDependencies = (
			);
			productName = iOSBilyonerCaseUITests;
			productReference = 571F81772DC8E8BE00DACFA3 /* iOSBilyonerCaseUITests.xctest */;
			productType = "com.apple.product-type.bundle.ui-testing";
		};
/* End PBXNativeTarget section */

/* Begin PBXProject section */
		571F814F2DC8E8BB00DACFA3 /* Project object */ = {
			isa = PBXProject;
			attributes = {
				BuildIndependentTargetsInParallel = 1;
				LastSwiftUpdateCheck = 1630;
				LastUpgradeCheck = 1630;
				TargetAttributes = {
					571F81562DC8E8BB00DACFA3 = {
						CreatedOnToolsVersion = 16.3;
					};
					571F816C2DC8E8BE00DACFA3 = {
						CreatedOnToolsVersion = 16.3;
						TestTargetID = 571F81562DC8E8BB00DACFA3;
					};
					571F81762DC8E8BE00DACFA3 = {
						CreatedOnToolsVersion = 16.3;
						TestTargetID = 571F81562DC8E8BB00DACFA3;
					};
				};
			};
			buildConfigurationList = 571F81522DC8E8BB00DACFA3 /* Build configuration list for PBXProject "iOSBilyonerCase" */;
			developmentRegion = en;
			hasScannedForEncodings = 0;
			knownRegions = (
				en,
				Base,
			);
			mainGroup = 571F814E2DC8E8BB00DACFA3;
			minimizedProjectReferenceProxies = 1;
			packageReferences = (
				571F81A42DC8ED4C00DACFA3 /* XCRemoteSwiftPackageReference "Moya" */,
				571F81AC2DC8EE3000DACFA3 /* XCRemoteSwiftPackageReference "Reachability" */,
				571F81CE2DC90DA200DACFA3 /* XCRemoteSwiftPackageReference "RxSwift" */,
			);
			preferredProjectObjectVersion = 77;
			productRefGroup = 571F81582DC8E8BB00DACFA3 /* Products */;
			projectDirPath = "";
			projectRoot = "";
			targets = (
				571F81562DC8E8BB00DACFA3 /* iOSBilyonerCase */,
				571F816C2DC8E8BE00DACFA3 /* iOSBilyonerCaseTests */,
				571F81762DC8E8BE00DACFA3 /* iOSBilyonerCaseUITests */,
			);
		};
/* End PBXProject section */

/* Begin PBXResourcesBuildPhase section */
		571F81552DC8E8BB00DACFA3 /* Resources */ = {
			isa = PBXResourcesBuildPhase;
			buildActionMask = 2147483647;
			files = (
			);
			runOnlyForDeploymentPostprocessing = 0;
		};
		571F816B2DC8E8BE00DACFA3 /* Resources */ = {
			isa = PBXResourcesBuildPhase;
			buildActionMask = 2147483647;
			files = (
			);
			runOnlyForDeploymentPostprocessing = 0;
		};
		571F81752DC8E8BE00DACFA3 /* Resources */ = {
			isa = PBXResourcesBuildPhase;
			buildActionMask = 2147483647;
			files = (
			);
			runOnlyForDeploymentPostprocessing = 0;
		};
/* End PBXResourcesBuildPhase section */

/* Begin PBXSourcesBuildPhase section */
		571F81532DC8E8BB00DACFA3 /* Sources */ = {
			isa = PBXSourcesBuildPhase;
			buildActionMask = 2147483647;
			files = (
			);
			runOnlyForDeploymentPostprocessing = 0;
		};
		571F81692DC8E8BE00DACFA3 /* Sources */ = {
			isa = PBXSourcesBuildPhase;
			buildActionMask = 2147483647;
			files = (
			);
			runOnlyForDeploymentPostprocessing = 0;
		};
		571F81732DC8E8BE00DACFA3 /* Sources */ = {
			isa = PBXSourcesBuildPhase;
			buildActionMask = 2147483647;
			files = (
			);
			runOnlyForDeploymentPostprocessing = 0;
		};
/* End PBXSourcesBuildPhase section */

/* Begin PBXTargetDependency section */
		571F816F2DC8E8BE00DACFA3 /* PBXTargetDependency */ = {
			isa = PBXTargetDependency;
			target = 571F81562DC8E8BB00DACFA3 /* iOSBilyonerCase */;
			targetProxy = 571F816E2DC8E8BE00DACFA3 /* PBXContainerItemProxy */;
		};
		571F81792DC8E8BE00DACFA3 /* PBXTargetDependency */ = {
			isa = PBXTargetDependency;
			target = 571F81562DC8E8BB00DACFA3 /* iOSBilyonerCase */;
			targetProxy = 571F81782DC8E8BE00DACFA3 /* PBXContainerItemProxy */;
		};
/* End PBXTargetDependency section */

/* Begin XCBuildConfiguration section */
		571F81812DC8E8BE00DACFA3 /* Debug */ = {
			isa = XCBuildConfiguration;
			buildSettings = {
				ASSETCATALOG_COMPILER_APPICON_NAME = AppIcon;
				ASSETCATALOG_COMPILER_GLOBAL_ACCENT_COLOR_NAME = AccentColor;
				CODE_SIGN_STYLE = Automatic;
				CURRENT_PROJECT_VERSION = 1;
				DEVELOPMENT_TEAM = 227XVM9M2Y;
				GENERATE_INFOPLIST_FILE = YES;
				INFOPLIST_FILE = iOSBilyonerCase/Info.plist;
				INFOPLIST_KEY_UIApplicationSupportsIndirectInputEvents = YES;
				INFOPLIST_KEY_UILaunchStoryboardName = LaunchScreen;
				INFOPLIST_KEY_UISupportedInterfaceOrientations = "UIInterfaceOrientationLandscapeLeft UIInterfaceOrientationLandscapeRight UIInterfaceOrientationPortrait UIInterfaceOrientationPortraitUpsideDown";
				IPHONEOS_DEPLOYMENT_TARGET = 16.6;
				LD_RUNPATH_SEARCH_PATHS = (
					"$(inherited)",
					"@executable_path/Frameworks",
				);
				MARKETING_VERSION = 1.0;
				PRODUCT_BUNDLE_IDENTIFIER = ataanilturgay.iOSBilyonerCase;
				PRODUCT_NAME = "$(TARGET_NAME)";
				SWIFT_EMIT_LOC_STRINGS = YES;
				SWIFT_VERSION = 5.0;
				TARGETED_DEVICE_FAMILY = "1,2";
			};
			name = Debug;
		};
		571F81822DC8E8BE00DACFA3 /* Release */ = {
			isa = XCBuildConfiguration;
			buildSettings = {
				ASSETCATALOG_COMPILER_APPICON_NAME = AppIcon;
				ASSETCATALOG_COMPILER_GLOBAL_ACCENT_COLOR_NAME = AccentColor;
				CODE_SIGN_STYLE = Automatic;
				CURRENT_PROJECT_VERSION = 1;
				DEVELOPMENT_TEAM = 227XVM9M2Y;
				GENERATE_INFOPLIST_FILE = YES;
				INFOPLIST_FILE = iOSBilyonerCase/Info.plist;
				INFOPLIST_KEY_UIApplicationSupportsIndirectInputEvents = YES;
				INFOPLIST_KEY_UILaunchStoryboardName = LaunchScreen;
				INFOPLIST_KEY_UISupportedInterfaceOrientations = "UIInterfaceOrientationLandscapeLeft UIInterfaceOrientationLandscapeRight UIInterfaceOrientationPortrait UIInterfaceOrientationPortraitUpsideDown";
				IPHONEOS_DEPLOYMENT_TARGET = 16.6;
				LD_RUNPATH_SEARCH_PATHS = (
					"$(inherited)",
					"@executable_path/Frameworks",
				);
				MARKETING_VERSION = 1.0;
				PRODUCT_BUNDLE_IDENTIFIER = ataanilturgay.iOSBilyonerCase;
				PRODUCT_NAME = "$(TARGET_NAME)";
				SWIFT_EMIT_LOC_STRINGS = YES;
				SWIFT_VERSION = 5.0;
				TARGETED_DEVICE_FAMILY = "1,2";
			};
			name = Release;
		};
		571F81832DC8E8BE00DACFA3 /* Debug */ = {
			isa = XCBuildConfiguration;
			buildSettings = {
				ALWAYS_SEARCH_USER_PATHS = NO;
				ASSETCATALOG_COMPILER_GENERATE_SWIFT_ASSET_SYMBOL_EXTENSIONS = YES;
				CLANG_ANALYZER_NONNULL = YES;
				CLANG_ANALYZER_NUMBER_OBJECT_CONVERSION = YES_AGGRESSIVE;
				CLANG_CXX_LANGUAGE_STANDARD = "gnu++20";
				CLANG_ENABLE_MODULES = YES;
				CLANG_ENABLE_OBJC_ARC = YES;
				CLANG_ENABLE_OBJC_WEAK = YES;
				CLANG_WARN_BLOCK_CAPTURE_AUTORELEASING = YES;
				CLANG_WARN_BOOL_CONVERSION = YES;
				CLANG_WARN_COMMA = YES;
				CLANG_WARN_CONSTANT_CONVERSION = YES;
				CLANG_WARN_DEPRECATED_OBJC_IMPLEMENTATIONS = YES;
				CLANG_WARN_DIRECT_OBJC_ISA_USAGE = YES_ERROR;
				CLANG_WARN_DOCUMENTATION_COMMENTS = YES;
				CLANG_WARN_EMPTY_BODY = YES;
				CLANG_WARN_ENUM_CONVERSION = YES;
				CLANG_WARN_INFINITE_RECURSION = YES;
				CLANG_WARN_INT_CONVERSION = YES;
				CLANG_WARN_NON_LITERAL_NULL_CONVERSION = YES;
				CLANG_WARN_OBJC_IMPLICIT_RETAIN_SELF = YES;
				CLANG_WARN_OBJC_LITERAL_CONVERSION = YES;
				CLANG_WARN_OBJC_ROOT_CLASS = YES_ERROR;
				CLANG_WARN_QUOTED_INCLUDE_IN_FRAMEWORK_HEADER = YES;
				CLANG_WARN_RANGE_LOOP_ANALYSIS = YES;
				CLANG_WARN_STRICT_PROTOTYPES = YES;
				CLANG_WARN_SUSPICIOUS_MOVE = YES;
				CLANG_WARN_UNGUARDED_AVAILABILITY = YES_AGGRESSIVE;
				CLANG_WARN_UNREACHABLE_CODE = YES;
				CLANG_WARN__DUPLICATE_METHOD_MATCH = YES;
				COPY_PHASE_STRIP = NO;
				DEBUG_INFORMATION_FORMAT = dwarf;
				ENABLE_STRICT_OBJC_MSGSEND = YES;
				ENABLE_TESTABILITY = YES;
				ENABLE_USER_SCRIPT_SANDBOXING = YES;
				GCC_C_LANGUAGE_STANDARD = gnu17;
				GCC_DYNAMIC_NO_PIC = NO;
				GCC_NO_COMMON_BLOCKS = YES;
				GCC_OPTIMIZATION_LEVEL = 0;
				GCC_PREPROCESSOR_DEFINITIONS = (
					"DEBUG=1",
					"$(inherited)",
				);
				GCC_WARN_64_TO_32_BIT_CONVERSION = YES;
				GCC_WARN_ABOUT_RETURN_TYPE = YES_ERROR;
				GCC_WARN_UNDECLARED_SELECTOR = YES;
				GCC_WARN_UNINITIALIZED_AUTOS = YES_AGGRESSIVE;
				GCC_WARN_UNUSED_FUNCTION = YES;
				GCC_WARN_UNUSED_VARIABLE = YES;
				IPHONEOS_DEPLOYMENT_TARGET = 18.4;
				LOCALIZATION_PREFERS_STRING_CATALOGS = YES;
				MTL_ENABLE_DEBUG_INFO = INCLUDE_SOURCE;
				MTL_FAST_MATH = YES;
				ONLY_ACTIVE_ARCH = YES;
				SDKROOT = iphoneos;
				SWIFT_ACTIVE_COMPILATION_CONDITIONS = "DEBUG $(inherited)";
				SWIFT_OPTIMIZATION_LEVEL = "-Onone";
			};
			name = Debug;
		};
		571F81842DC8E8BE00DACFA3 /* Release */ = {
			isa = XCBuildConfiguration;
			buildSettings = {
				ALWAYS_SEARCH_USER_PATHS = NO;
				ASSETCATALOG_COMPILER_GENERATE_SWIFT_ASSET_SYMBOL_EXTENSIONS = YES;
				CLANG_ANALYZER_NONNULL = YES;
				CLANG_ANALYZER_NUMBER_OBJECT_CONVERSION = YES_AGGRESSIVE;
				CLANG_CXX_LANGUAGE_STANDARD = "gnu++20";
				CLANG_ENABLE_MODULES = YES;
				CLANG_ENABLE_OBJC_ARC = YES;
				CLANG_ENABLE_OBJC_WEAK = YES;
				CLANG_WARN_BLOCK_CAPTURE_AUTORELEASING = YES;
				CLANG_WARN_BOOL_CONVERSION = YES;
				CLANG_WARN_COMMA = YES;
				CLANG_WARN_CONSTANT_CONVERSION = YES;
				CLANG_WARN_DEPRECATED_OBJC_IMPLEMENTATIONS = YES;
				CLANG_WARN_DIRECT_OBJC_ISA_USAGE = YES_ERROR;
				CLANG_WARN_DOCUMENTATION_COMMENTS = YES;
				CLANG_WARN_EMPTY_BODY = YES;
				CLANG_WARN_ENUM_CONVERSION = YES;
				CLANG_WARN_INFINITE_RECURSION = YES;
				CLANG_WARN_INT_CONVERSION = YES;
				CLANG_WARN_NON_LITERAL_NULL_CONVERSION = YES;
				CLANG_WARN_OBJC_IMPLICIT_RETAIN_SELF = YES;
				CLANG_WARN_OBJC_LITERAL_CONVERSION = YES;
				CLANG_WARN_OBJC_ROOT_CLASS = YES_ERROR;
				CLANG_WARN_QUOTED_INCLUDE_IN_FRAMEWORK_HEADER = YES;
				CLANG_WARN_RANGE_LOOP_ANALYSIS = YES;
				CLANG_WARN_STRICT_PROTOTYPES = YES;
				CLANG_WARN_SUSPICIOUS_MOVE = YES;
				CLANG_WARN_UNGUARDED_AVAILABILITY = YES_AGGRESSIVE;
				CLANG_WARN_UNREACHABLE_CODE = YES;
				CLANG_WARN__DUPLICATE_METHOD_MATCH = YES;
				COPY_PHASE_STRIP = NO;
				DEBUG_INFORMATION_FORMAT = "dwarf-with-dsym";
				ENABLE_NS_ASSERTIONS = NO;
				ENABLE_STRICT_OBJC_MSGSEND = YES;
				ENABLE_USER_SCRIPT_SANDBOXING = YES;
				GCC_C_LANGUAGE_STANDARD = gnu17;
				GCC_NO_COMMON_BLOCKS = YES;
				GCC_WARN_64_TO_32_BIT_CONVERSION = YES;
				GCC_WARN_ABOUT_RETURN_TYPE = YES_ERROR;
				GCC_WARN_UNDECLARED_SELECTOR = YES;
				GCC_WARN_UNINITIALIZED_AUTOS = YES_AGGRESSIVE;
				GCC_WARN_UNUSED_FUNCTION = YES;
				GCC_WARN_UNUSED_VARIABLE = YES;
				IPHONEOS_DEPLOYMENT_TARGET = 18.4;
				LOCALIZATION_PREFERS_STRING_CATALOGS = YES;
				MTL_ENABLE_DEBUG_INFO = NO;
				MTL_FAST_MATH = YES;
				SDKROOT = iphoneos;
				SWIFT_COMPILATION_MODE = wholemodule;
				VALIDATE_PRODUCT = YES;
			};
			name = Release;
		};
		571F81862DC8E8BE00DACFA3 /* Debug */ = {
			isa = XCBuildConfiguration;
			buildSettings = {
				BUNDLE_LOADER = "$(TEST_HOST)";
				CODE_SIGN_STYLE = Automatic;
				CURRENT_PROJECT_VERSION = 1;
				GENERATE_INFOPLIST_FILE = YES;
				IPHONEOS_DEPLOYMENT_TARGET = 18.4;
				MARKETING_VERSION = 1.0;
				PRODUCT_BUNDLE_IDENTIFIER = ataanilturgay.iOSBilyonerCaseTests;
				PRODUCT_NAME = "$(TARGET_NAME)";
				SWIFT_EMIT_LOC_STRINGS = NO;
				SWIFT_VERSION = 5.0;
				TARGETED_DEVICE_FAMILY = "1,2";
				TEST_HOST = "$(BUILT_PRODUCTS_DIR)/iOSBilyonerCase.app/$(BUNDLE_EXECUTABLE_FOLDER_PATH)/iOSBilyonerCase";
			};
			name = Debug;
		};
		571F81872DC8E8BE00DACFA3 /* Release */ = {
			isa = XCBuildConfiguration;
			buildSettings = {
				BUNDLE_LOADER = "$(TEST_HOST)";
				CODE_SIGN_STYLE = Automatic;
				CURRENT_PROJECT_VERSION = 1;
				GENERATE_INFOPLIST_FILE = YES;
				IPHONEOS_DEPLOYMENT_TARGET = 18.4;
				MARKETING_VERSION = 1.0;
				PRODUCT_BUNDLE_IDENTIFIER = ataanilturgay.iOSBilyonerCaseTests;
				PRODUCT_NAME = "$(TARGET_NAME)";
				SWIFT_EMIT_LOC_STRINGS = NO;
				SWIFT_VERSION = 5.0;
				TARGETED_DEVICE_FAMILY = "1,2";
				TEST_HOST = "$(BUILT_PRODUCTS_DIR)/iOSBilyonerCase.app/$(BUNDLE_EXECUTABLE_FOLDER_PATH)/iOSBilyonerCase";
			};
			name = Release;
		};
		571F81892DC8E8BE00DACFA3 /* Debug */ = {
			isa = XCBuildConfiguration;
			buildSettings = {
				CODE_SIGN_STYLE = Automatic;
				CURRENT_PROJECT_VERSION = 1;
				GENERATE_INFOPLIST_FILE = YES;
				MARKETING_VERSION = 1.0;
				PRODUCT_BUNDLE_IDENTIFIER = ataanilturgay.iOSBilyonerCaseUITests;
				PRODUCT_NAME = "$(TARGET_NAME)";
				SWIFT_EMIT_LOC_STRINGS = NO;
				SWIFT_VERSION = 5.0;
				TARGETED_DEVICE_FAMILY = "1,2";
				TEST_TARGET_NAME = iOSBilyonerCase;
			};
			name = Debug;
		};
		571F818A2DC8E8BE00DACFA3 /* Release */ = {
			isa = XCBuildConfiguration;
			buildSettings = {
				CODE_SIGN_STYLE = Automatic;
				CURRENT_PROJECT_VERSION = 1;
				GENERATE_INFOPLIST_FILE = YES;
				MARKETING_VERSION = 1.0;
				PRODUCT_BUNDLE_IDENTIFIER = ataanilturgay.iOSBilyonerCaseUITests;
				PRODUCT_NAME = "$(TARGET_NAME)";
				SWIFT_EMIT_LOC_STRINGS = NO;
				SWIFT_VERSION = 5.0;
				TARGETED_DEVICE_FAMILY = "1,2";
				TEST_TARGET_NAME = iOSBilyonerCase;
			};
			name = Release;
		};
/* End XCBuildConfiguration section */

/* Begin XCConfigurationList section */
		571F81522DC8E8BB00DACFA3 /* Build configuration list for PBXProject "iOSBilyonerCase" */ = {
			isa = XCConfigurationList;
			buildConfigurations = (
				571F81832DC8E8BE00DACFA3 /* Debug */,
				571F81842DC8E8BE00DACFA3 /* Release */,
			);
			defaultConfigurationIsVisible = 0;
			defaultConfigurationName = Release;
		};
		571F81802DC8E8BE00DACFA3 /* Build configuration list for PBXNativeTarget "iOSBilyonerCase" */ = {
			isa = XCConfigurationList;
			buildConfigurations = (
				571F81812DC8E8BE00DACFA3 /* Debug */,
				571F81822DC8E8BE00DACFA3 /* Release */,
			);
			defaultConfigurationIsVisible = 0;
			defaultConfigurationName = Release;
		};
		571F81852DC8E8BE00DACFA3 /* Build configuration list for PBXNativeTarget "iOSBilyonerCaseTests" */ = {
			isa = XCConfigurationList;
			buildConfigurations = (
				571F81862DC8E8BE00DACFA3 /* Debug */,
				571F81872DC8E8BE00DACFA3 /* Release */,
			);
			defaultConfigurationIsVisible = 0;
			defaultConfigurationName = Release;
		};
		571F81882DC8E8BE00DACFA3 /* Build configuration list for PBXNativeTarget "iOSBilyonerCaseUITests" */ = {
			isa = XCConfigurationList;
			buildConfigurations = (
				571F81892DC8E8BE00DACFA3 /* Debug */,
				571F818A2DC8E8BE00DACFA3 /* Release */,
			);
			defaultConfigurationIsVisible = 0;
			defaultConfigurationName = Release;
		};
/* End XCConfigurationList section */

/* Begin XCRemoteSwiftPackageReference section */
		571F81A42DC8ED4C00DACFA3 /* XCRemoteSwiftPackageReference "Moya" */ = {
			isa = XCRemoteSwiftPackageReference;
			repositoryURL = "https://github.com/Moya/Moya.git";
			requirement = {
				kind = upToNextMajorVersion;
				minimumVersion = 15.0.3;
			};
		};
		571F81AC2DC8EE3000DACFA3 /* XCRemoteSwiftPackageReference "Reachability" */ = {
			isa = XCRemoteSwiftPackageReference;
			repositoryURL = "https://github.com/ashleymills/Reachability.swift";
			requirement = {
				branch = master;
				kind = branch;
			};
		};
		571F81CE2DC90DA200DACFA3 /* XCRemoteSwiftPackageReference "RxSwift" */ = {
			isa = XCRemoteSwiftPackageReference;
			repositoryURL = "https://github.com/ReactiveX/RxSwift.git";
			requirement = {
				kind = upToNextMajorVersion;
				minimumVersion = 6.9.0;
			};
		};
/* End XCRemoteSwiftPackageReference section */

/* Begin XCSwiftPackageProductDependency section */
		571F81A52DC8ED4C00DACFA3 /* Moya */ = {
			isa = XCSwiftPackageProductDependency;
			package = 571F81A42DC8ED4C00DACFA3 /* XCRemoteSwiftPackageReference "Moya" */;
			productName = Moya;
		};
		571F81A72DC8ED4C00DACFA3 /* RxMoya */ = {
			isa = XCSwiftPackageProductDependency;
			package = 571F81A42DC8ED4C00DACFA3 /* XCRemoteSwiftPackageReference "Moya" */;
			productName = RxMoya;
		};
		571F81CF2DC90DE000DACFA3 /* RxCocoa */ = {
			isa = XCSwiftPackageProductDependency;
			package = 571F81CE2DC90DA200DACFA3 /* XCRemoteSwiftPackageReference "RxSwift" */;
			productName = RxCocoa;
		};
/* End XCSwiftPackageProductDependency section */
	};
	rootObject = 571F814F2DC8E8BB00DACFA3 /* Project object */;
}
